// !$*UTF8*$!
{
	archiveVersion = 1;
	classes = {
	};
	objectVersion = 46;
	objects = {

/* Begin PBXBuildFile section */
		28E9BEA7175C351100017A5A /* Foundation.framework in Frameworks */ = {isa = PBXBuildFile; fileRef = 28E9BEA6175C351100017A5A /* Foundation.framework */; };
		28E9BEA9175C351100017A5A /* CoreGraphics.framework in Frameworks */ = {isa = PBXBuildFile; fileRef = 28E9BEA8175C351100017A5A /* CoreGraphics.framework */; };
		28E9BEAB175C351100017A5A /* UIKit.framework in Frameworks */ = {isa = PBXBuildFile; fileRef = 28E9BEAA175C351100017A5A /* UIKit.framework */; };
		28E9BEB1175C351100017A5A /* InfoPlist.strings in Resources */ = {isa = PBXBuildFile; fileRef = 28E9BEAF175C351100017A5A /* InfoPlist.strings */; };
		28E9BEB3175C351100017A5A /* main.m in Sources */ = {isa = PBXBuildFile; fileRef = 28E9BEB2175C351100017A5A /* main.m */; };
		28E9BEB7175C351100017A5A /* APLAppDelegate.m in Sources */ = {isa = PBXBuildFile; fileRef = 28E9BEB6175C351100017A5A /* APLAppDelegate.m */; };
		28E9BEBA175C351100017A5A /* Main.storyboard in Resources */ = {isa = PBXBuildFile; fileRef = 28E9BEB8175C351100017A5A /* Main.storyboard */; };
		28E9BEBF175C351100017A5A /* Images.xcassets in Resources */ = {isa = PBXBuildFile; fileRef = 28E9BEBE175C351100017A5A /* Images.xcassets */; };
		28E9BEEA175C359400017A5A /* APLCollectionViewController.m in Sources */ = {isa = PBXBuildFile; fileRef = 28E9BEDE175C359400017A5A /* APLCollectionViewController.m */; };
		28E9BEEC175C359400017A5A /* APLStackCollectionViewController.m in Sources */ = {isa = PBXBuildFile; fileRef = 28E9BEE2175C359400017A5A /* APLStackCollectionViewController.m */; };
		28E9BEEE175C359400017A5A /* APLTransitionController.m in Sources */ = {isa = PBXBuildFile; fileRef = 28E9BEE6175C359400017A5A /* APLTransitionController.m */; };
/* End PBXBuildFile section */

/* Begin PBXFileReference section */
		28C459F1175C55E800C91076 /* ReadMe.txt */ = {isa = PBXFileReference; lastKnownFileType = text; path = ReadMe.txt; sourceTree = "<group>"; };
		28E9BEA3175C351100017A5A /* CollectionViewTransition.app */ = {isa = PBXFileReference; explicitFileType = wrapper.application; includeInIndex = 0; path = CollectionViewTransition.app; sourceTree = BUILT_PRODUCTS_DIR; };
		28E9BEA6175C351100017A5A /* Foundation.framework */ = {isa = PBXFileReference; lastKnownFileType = wrapper.framework; name = Foundation.framework; path = System/Library/Frameworks/Foundation.framework; sourceTree = SDKROOT; };
		28E9BEA8175C351100017A5A /* CoreGraphics.framework */ = {isa = PBXFileReference; lastKnownFileType = wrapper.framework; name = CoreGraphics.framework; path = System/Library/Frameworks/CoreGraphics.framework; sourceTree = SDKROOT; };
		28E9BEAA175C351100017A5A /* UIKit.framework */ = {isa = PBXFileReference; lastKnownFileType = wrapper.framework; name = UIKit.framework; path = System/Library/Frameworks/UIKit.framework; sourceTree = SDKROOT; };
		28E9BEAE175C351100017A5A /* CollectionViewTransition-Info.plist */ = {isa = PBXFileReference; lastKnownFileType = text.plist.xml; path = "CollectionViewTransition-Info.plist"; sourceTree = "<group>"; };
		28E9BEB0175C351100017A5A /* en */ = {isa = PBXFileReference; lastKnownFileType = text.plist.strings; name = en; path = en.lproj/InfoPlist.strings; sourceTree = "<group>"; };
		28E9BEB2175C351100017A5A /* main.m */ = {isa = PBXFileReference; lastKnownFileType = sourcecode.c.objc; path = main.m; sourceTree = "<group>"; };
		28E9BEB4175C351100017A5A /* CollectionViewTransition-Prefix.pch */ = {isa = PBXFileReference; lastKnownFileType = sourcecode.c.h; path = "CollectionViewTransition-Prefix.pch"; sourceTree = "<group>"; };
		28E9BEB5175C351100017A5A /* APLAppDelegate.h */ = {isa = PBXFileReference; lastKnownFileType = sourcecode.c.h; path = APLAppDelegate.h; sourceTree = "<group>"; };
		28E9BEB6175C351100017A5A /* APLAppDelegate.m */ = {isa = PBXFileReference; lastKnownFileType = sourcecode.c.objc; path = APLAppDelegate.m; sourceTree = "<group>"; };
		28E9BEB9175C351100017A5A /* Base */ = {isa = PBXFileReference; lastKnownFileType = file.storyboard; name = Base; path = Base.lproj/Main.storyboard; sourceTree = "<group>"; };
		28E9BEBE175C351100017A5A /* Images.xcassets */ = {isa = PBXFileReference; lastKnownFileType = folder.assetcatalog; path = Images.xcassets; sourceTree = "<group>"; };
		28E9BEC5175C351100017A5A /* XCTest.framework */ = {isa = PBXFileReference; lastKnownFileType = wrapper.framework; name = XCTest.framework; path = Library/Frameworks/XCTest.framework; sourceTree = DEVELOPER_DIR; };
		28E9BEDD175C359400017A5A /* APLCollectionViewController.h */ = {isa = PBXFileReference; fileEncoding = 4; lastKnownFileType = sourcecode.c.h; path = APLCollectionViewController.h; sourceTree = "<group>"; };
		28E9BEDE175C359400017A5A /* APLCollectionViewController.m */ = {isa = PBXFileReference; fileEncoding = 4; lastKnownFileType = sourcecode.c.objc; path = APLCollectionViewController.m; sourceTree = "<group>"; };
		28E9BEE1175C359400017A5A /* APLStackCollectionViewController.h */ = {isa = PBXFileReference; fileEncoding = 4; lastKnownFileType = sourcecode.c.h; path = APLStackCollectionViewController.h; sourceTree = "<group>"; };
		28E9BEE2175C359400017A5A /* APLStackCollectionViewController.m */ = {isa = PBXFileReference; fileEncoding = 4; lastKnownFileType = sourcecode.c.objc; path = APLStackCollectionViewController.m; sourceTree = "<group>"; };
		28E9BEE5175C359400017A5A /* APLTransitionController.h */ = {isa = PBXFileReference; fileEncoding = 4; lastKnownFileType = sourcecode.c.h; path = APLTransitionController.h; sourceTree = "<group>"; };
		28E9BEE6175C359400017A5A /* APLTransitionController.m */ = {isa = PBXFileReference; fileEncoding = 4; lastKnownFileType = sourcecode.c.objc; path = APLTransitionController.m; sourceTree = "<group>"; };
/* End PBXFileReference section */

/* Begin PBXFrameworksBuildPhase section */
		28E9BEA0175C351100017A5A /* Frameworks */ = {
			isa = PBXFrameworksBuildPhase;
			buildActionMask = 2147483647;
			files = (
				28E9BEA9175C351100017A5A /* CoreGraphics.framework in Frameworks */,
				28E9BEAB175C351100017A5A /* UIKit.framework in Frameworks */,
				28E9BEA7175C351100017A5A /* Foundation.framework in Frameworks */,
			);
			runOnlyForDeploymentPostprocessing = 0;
		};
/* End PBXFrameworksBuildPhase section */

/* Begin PBXGroup section */
		28E9BE9A175C351100017A5A = {
			isa = PBXGroup;
			children = (
				28C459F1175C55E800C91076 /* ReadMe.txt */,
				28E9BEAC175C351100017A5A /* CollectionViewTransition */,
				28E9BEA5175C351100017A5A /* Frameworks */,
				28E9BEA4175C351100017A5A /* Products */,
			);
			sourceTree = "<group>";
		};
		28E9BEA4175C351100017A5A /* Products */ = {
			isa = PBXGroup;
			children = (
				28E9BEA3175C351100017A5A /* CollectionViewTransition.app */,
			);
			name = Products;
			sourceTree = "<group>";
		};
		28E9BEA5175C351100017A5A /* Frameworks */ = {
			isa = PBXGroup;
			children = (
				28E9BEA6175C351100017A5A /* Foundation.framework */,
				28E9BEA8175C351100017A5A /* CoreGraphics.framework */,
				28E9BEAA175C351100017A5A /* UIKit.framework */,
				28E9BEC5175C351100017A5A /* XCTest.framework */,
			);
			name = Frameworks;
			sourceTree = "<group>";
		};
		28E9BEAC175C351100017A5A /* CollectionViewTransition */ = {
			isa = PBXGroup;
			children = (
				28E9BEF0175C3DB800017A5A /* APLCollectionView Base */,
				28E9BEE1175C359400017A5A /* APLStackCollectionViewController.h */,
				28E9BEE2175C359400017A5A /* APLStackCollectionViewController.m */,
				28E9BEE5175C359400017A5A /* APLTransitionController.h */,
				28E9BEE6175C359400017A5A /* APLTransitionController.m */,
				28E9BEB5175C351100017A5A /* APLAppDelegate.h */,
				28E9BEB6175C351100017A5A /* APLAppDelegate.m */,
				28E9BEB8175C351100017A5A /* Main.storyboard */,
				28E9BEBE175C351100017A5A /* Images.xcassets */,
				28E9BEAD175C351100017A5A /* Supporting Files */,
			);
			path = CollectionViewTransition;
			sourceTree = "<group>";
		};
		28E9BEAD175C351100017A5A /* Supporting Files */ = {
			isa = PBXGroup;
			children = (
				28E9BEAE175C351100017A5A /* CollectionViewTransition-Info.plist */,
				28E9BEAF175C351100017A5A /* InfoPlist.strings */,
				28E9BEB2175C351100017A5A /* main.m */,
				28E9BEB4175C351100017A5A /* CollectionViewTransition-Prefix.pch */,
			);
			name = "Supporting Files";
			sourceTree = "<group>";
		};
		28E9BEF0175C3DB800017A5A /* APLCollectionView Base */ = {
			isa = PBXGroup;
			children = (
				28E9BEDD175C359400017A5A /* APLCollectionViewController.h */,
				28E9BEDE175C359400017A5A /* APLCollectionViewController.m */,
			);
			name = "APLCollectionView Base";
			sourceTree = "<group>";
		};
/* End PBXGroup section */

/* Begin PBXNativeTarget section */
		28E9BEA2175C351100017A5A /* CollectionViewTransition */ = {
			isa = PBXNativeTarget;
			buildConfigurationList = 28E9BED5175C351100017A5A /* Build configuration list for PBXNativeTarget "CollectionViewTransition" */;
			buildPhases = (
				28E9BE9F175C351100017A5A /* Sources */,
				28E9BEA0175C351100017A5A /* Frameworks */,
				28E9BEA1175C351100017A5A /* Resources */,
			);
			buildRules = (
			);
			dependencies = (
			);
			name = CollectionViewTransition;
			productName = CollectionViewTransition;
			productReference = 28E9BEA3175C351100017A5A /* CollectionViewTransition.app */;
			productType = "com.apple.product-type.application";
		};
/* End PBXNativeTarget section */

/* Begin PBXProject section */
		28E9BE9B175C351100017A5A /* Project object */ = {
			isa = PBXProject;
			attributes = {
				CLASSPREFIX = APL;
				LastUpgradeCheck = 0500;
				ORGANIZATIONNAME = "Apple, Inc.";
			};
			buildConfigurationList = 28E9BE9E175C351100017A5A /* Build configuration list for PBXProject "CollectionViewTransition" */;
			compatibilityVersion = "Xcode 3.2";
			developmentRegion = English;
			hasScannedForEncodings = 0;
			knownRegions = (
				en,
				Base,
			);
			mainGroup = 28E9BE9A175C351100017A5A;
			productRefGroup = 28E9BEA4175C351100017A5A /* Products */;
			projectDirPath = "";
			projectRoot = "";
			targets = (
				28E9BEA2175C351100017A5A /* CollectionViewTransition */,
			);
		};
/* End PBXProject section */

/* Begin PBXResourcesBuildPhase section */
		28E9BEA1175C351100017A5A /* Resources */ = {
			isa = PBXResourcesBuildPhase;
			buildActionMask = 2147483647;
			files = (
				28E9BEBF175C351100017A5A /* Images.xcassets in Resources */,
				28E9BEB1175C351100017A5A /* InfoPlist.strings in Resources */,
				28E9BEBA175C351100017A5A /* Main.storyboard in Resources */,
			);
			runOnlyForDeploymentPostprocessing = 0;
		};
/* End PBXResourcesBuildPhase section */

/* Begin PBXSourcesBuildPhase section */
		28E9BE9F175C351100017A5A /* Sources */ = {
			isa = PBXSourcesBuildPhase;
			buildActionMask = 2147483647;
			files = (
				28E9BEEA175C359400017A5A /* APLCollectionViewController.m in Sources */,
				28E9BEB7175C351100017A5A /* APLAppDelegate.m in Sources */,
				28E9BEEE175C359400017A5A /* APLTransitionController.m in Sources */,
				28E9BEB3175C351100017A5A /* main.m in Sources */,
				28E9BEEC175C359400017A5A /* APLStackCollectionViewController.m in Sources */,
			);
			runOnlyForDeploymentPostprocessing = 0;
		};
/* End PBXSourcesBuildPhase section */

/* Begin PBXVariantGroup section */
		28E9BEAF175C351100017A5A /* InfoPlist.strings */ = {
			isa = PBXVariantGroup;
			children = (
				28E9BEB0175C351100017A5A /* en */,
			);
			name = InfoPlist.strings;
			sourceTree = "<group>";
		};
		28E9BEB8175C351100017A5A /* Main.storyboard */ = {
			isa = PBXVariantGroup;
			children = (
				28E9BEB9175C351100017A5A /* Base */,
			);
			name = Main.storyboard;
			sourceTree = "<group>";
		};
/* End PBXVariantGroup section */

/* Begin XCBuildConfiguration section */
		28E9BED3175C351100017A5A /* Debug */ = {
			isa = XCBuildConfiguration;
			buildSettings = {
				ALWAYS_SEARCH_USER_PATHS = NO;
				CLANG_CXX_LANGUAGE_STANDARD = "gnu++0x";
				CLANG_CXX_LIBRARY = "libc++";
				CLANG_ENABLE_MODULES = YES;
				CLANG_ENABLE_OBJC_ARC = YES;
				CLANG_WARN_BOOL_CONVERSION = YES;
				CLANG_WARN_CONSTANT_CONVERSION = YES;
				CLANG_WARN_DIRECT_OBJC_ISA_USAGE = YES_ERROR;
				CLANG_WARN_EMPTY_BODY = YES;
				CLANG_WARN_ENUM_CONVERSION = YES;
				CLANG_WARN_INT_CONVERSION = YES;
				CLANG_WARN_OBJC_ROOT_CLASS = YES_ERROR;
				CLANG_WARN__DUPLICATE_METHOD_MATCH = YES;
				CODE_SIGN_IDENTITY = "iPhone Developer";
				COPY_PHASE_STRIP = NO;
				GCC_C_LANGUAGE_STANDARD = gnu99;
				GCC_DYNAMIC_NO_PIC = NO;
				GCC_OPTIMIZATION_LEVEL = 0;
				GCC_PREPROCESSOR_DEFINITIONS = (
					"DEBUG=1",
					"$(inherited)",
				);
				GCC_SYMBOLS_PRIVATE_EXTERN = NO;
				GCC_WARN_ABOUT_RETURN_TYPE = YES_ERROR;
				GCC_WARN_UNDECLARED_SELECTOR = YES;
				GCC_WARN_UNINITIALIZED_AUTOS = YES;
				GCC_WARN_UNUSED_FUNCTION = YES;
				GCC_WARN_UNUSED_VARIABLE = YES;
				IPHONEOS_DEPLOYMENT_TARGET = 7.0;
				ONLY_ACTIVE_ARCH = YES;
				SDKROOT = iphoneos;
			};
			name = Debug;
		};
		28E9BED4175C351100017A5A /* Release */ = {
			isa = XCBuildConfiguration;
			buildSettings = {
				ALWAYS_SEARCH_USER_PATHS = NO;
				CLANG_CXX_LANGUAGE_STANDARD = "gnu++0x";
				CLANG_CXX_LIBRARY = "libc++";
				CLANG_ENABLE_MODULES = YES;
				CLANG_ENABLE_OBJC_ARC = YES;
				CLANG_WARN_BOOL_CONVERSION = YES;
				CLANG_WARN_CONSTANT_CONVERSION = YES;
				CLANG_WARN_DIRECT_OBJC_ISA_USAGE = YES_ERROR;
				CLANG_WARN_EMPTY_BODY = YES;
				CLANG_WARN_ENUM_CONVERSION = YES;
				CLANG_WARN_INT_CONVERSION = YES;
				CLANG_WARN_OBJC_ROOT_CLASS = YES_ERROR;
				CLANG_WARN__DUPLICATE_METHOD_MATCH = YES;
				CODE_SIGN_IDENTITY = "iPhone Developer";
				COPY_PHASE_STRIP = YES;
				ENABLE_NS_ASSERTIONS = NO;
				GCC_C_LANGUAGE_STANDARD = gnu99;
				GCC_WARN_ABOUT_RETURN_TYPE = YES_ERROR;
				GCC_WARN_UNDECLARED_SELECTOR = YES;
				GCC_WARN_UNINITIALIZED_AUTOS = YES;
				GCC_WARN_UNUSED_FUNCTION = YES;
				GCC_WARN_UNUSED_VARIABLE = YES;
				IPHONEOS_DEPLOYMENT_TARGET = 7.0;
				SDKROOT = iphoneos;
				VALIDATE_PRODUCT = YES;
			};
			name = Release;
		};
		28E9BED6175C351100017A5A /* Debug */ = {
			isa = XCBuildConfiguration;
			buildSettings = {
				ASSETCATALOG_COMPILER_APPICON_NAME = AppIcon;
				ASSETCATALOG_COMPILER_LAUNCHIMAGE_NAME = LaunchImage;
				GCC_PRECOMPILE_PREFIX_HEADER = YES;
				GCC_PREFIX_HEADER = "CollectionViewTransition/CollectionViewTransition-Prefix.pch";
				INFOPLIST_FILE = "CollectionViewTransition/CollectionViewTransition-Info.plist";
				IPHONEOS_DEPLOYMENT_TARGET = 7.0;
				PRODUCT_NAME = "$(TARGET_NAME)";
				TARGETED_DEVICE_FAMILY = "1,2";
				WRAPPER_EXTENSION = app;
			};
			name = Debug;
		};
		28E9BED7175C351100017A5A /* Release */ = {
			isa = XCBuildConfiguration;
			buildSettings = {
				ASSETCATALOG_COMPILER_APPICON_NAME = AppIcon;
				ASSETCATALOG_COMPILER_LAUNCHIMAGE_NAME = LaunchImage;
				GCC_PRECOMPILE_PREFIX_HEADER = YES;
				GCC_PREFIX_HEADER = "CollectionViewTransition/CollectionViewTransition-Prefix.pch";
				INFOPLIST_FILE = "CollectionViewTransition/CollectionViewTransition-Info.plist";
				IPHONEOS_DEPLOYMENT_TARGET = 7.0;
				PRODUCT_NAME = "$(TARGET_NAME)";
				TARGETED_DEVICE_FAMILY = "1,2";
				WRAPPER_EXTENSION = app;
			};
			name = Release;
		};
/* End XCBuildConfiguration section */

/* Begin XCConfigurationList section */
		28E9BE9E175C351100017A5A /* Build configuration list for PBXProject "CollectionViewTransition" */ = {
			isa = XCConfigurationList;
			buildConfigurations = (
				28E9BED3175C351100017A5A /* Debug */,
				28E9BED4175C351100017A5A /* Release */,
			);
			defaultConfigurationIsVisible = 0;
			defaultConfigurationName = Release;
		};
		28E9BED5175C351100017A5A /* Build configuration list for PBXNativeTarget "CollectionViewTransition" */ = {
			isa = XCConfigurationList;
			buildConfigurations = (
				28E9BED6175C351100017A5A /* Debug */,
				28E9BED7175C351100017A5A /* Release */,
			);
			defaultConfigurationIsVisible = 0;
			defaultConfigurationName = Release;
		};
/* End XCConfigurationList section */
	};
	rootObject = 28E9BE9B175C351100017A5A /* Project object */;
}
